// !$*UTF8*$!
{
	archiveVersion = 1;
	classes = {
	};
	objectVersion = 50;
	objects = {

/* Begin PBXBuildFile section */
		34C1237D25BF2A2000AAD3AB /* AppDelegate.swift in Sources */ = {isa = PBXBuildFile; fileRef = 34C1237C25BF2A2000AAD3AB /* AppDelegate.swift */; };
		34C1237F25BF2A2000AAD3AB /* SceneDelegate.swift in Sources */ = {isa = PBXBuildFile; fileRef = 34C1237E25BF2A2000AAD3AB /* SceneDelegate.swift */; };
		34C1238125BF2A2000AAD3AB /* ViewController.swift in Sources */ = {isa = PBXBuildFile; fileRef = 34C1238025BF2A2000AAD3AB /* ViewController.swift */; };
		34C1238425BF2A2000AAD3AB /* Main.storyboard in Resources */ = {isa = PBXBuildFile; fileRef = 34C1238225BF2A2000AAD3AB /* Main.storyboard */; };
		34C1238625BF2A2200AAD3AB /* Assets.xcassets in Resources */ = {isa = PBXBuildFile; fileRef = 34C1238525BF2A2200AAD3AB /* Assets.xcassets */; };
		34C1238925BF2A2200AAD3AB /* LaunchScreen.storyboard in Resources */ = {isa = PBXBuildFile; fileRef = 34C1238725BF2A2200AAD3AB /* LaunchScreen.storyboard */; };
		34C1239225BF2A2E00AAD3AB /* CustomProgressBar.swift in Sources */ = {isa = PBXBuildFile; fileRef = 34C1239125BF2A2E00AAD3AB /* CustomProgressBar.swift */; };
/* End PBXBuildFile section */

/* Begin PBXFileReference section */
		34C1237925BF2A2000AAD3AB /* CustomProgressBar.app */ = {isa = PBXFileReference; explicitFileType = wrapper.application; includeInIndex = 0; path = CustomProgressBar.app; sourceTree = BUILT_PRODUCTS_DIR; };
		34C1237C25BF2A2000AAD3AB /* AppDelegate.swift */ = {isa = PBXFileReference; lastKnownFileType = sourcecode.swift; path = AppDelegate.swift; sourceTree = "<group>"; };
		34C1237E25BF2A2000AAD3AB /* SceneDelegate.swift */ = {isa = PBXFileReference; lastKnownFileType = sourcecode.swift; path = SceneDelegate.swift; sourceTree = "<group>"; };
		34C1238025BF2A2000AAD3AB /* ViewController.swift */ = {isa = PBXFileReference; lastKnownFileType = sourcecode.swift; path = ViewController.swift; sourceTree = "<group>"; };
		34C1238325BF2A2000AAD3AB /* Base */ = {isa = PBXFileReference; lastKnownFileType = file.storyboard; name = Base; path = Base.lproj/Main.storyboard; sourceTree = "<group>"; };
		34C1238525BF2A2200AAD3AB /* Assets.xcassets */ = {isa = PBXFileReference; lastKnownFileType = folder.assetcatalog; path = Assets.xcassets; sourceTree = "<group>"; };
		34C1238825BF2A2200AAD3AB /* Base */ = {isa = PBXFileReference; lastKnownFileType = file.storyboard; name = Base; path = Base.lproj/LaunchScreen.storyboard; sourceTree = "<group>"; };
		34C1238A25BF2A2200AAD3AB /* Info.plist */ = {isa = PBXFileReference; lastKnownFileType = text.plist.xml; path = Info.plist; sourceTree = "<group>"; };
		34C1239125BF2A2E00AAD3AB /* CustomProgressBar.swift */ = {isa = PBXFileReference; lastKnownFileType = sourcecode.swift; path = CustomProgressBar.swift; sourceTree = "<group>"; };
/* End PBXFileReference section */

/* Begin PBXFrameworksBuildPhase section */
		34C1237625BF2A2000AAD3AB /* Frameworks */ = {
			isa = PBXFrameworksBuildPhase;
			buildActionMask = 2147483647;
			files = (
			);
			runOnlyForDeploymentPostprocessing = 0;
		};
/* End PBXFrameworksBuildPhase section */

/* Begin PBXGroup section */
		34C1237025BF2A2000AAD3AB = {
			isa = PBXGroup;
			children = (
				34C1237B25BF2A2000AAD3AB /* CustomProgressBar */,
				34C1237A25BF2A2000AAD3AB /* Products */,
			);
			sourceTree = "<group>";
		};
		34C1237A25BF2A2000AAD3AB /* Products */ = {
			isa = PBXGroup;
			children = (
				34C1237925BF2A2000AAD3AB /* CustomProgressBar.app */,
			);
			name = Products;
			sourceTree = "<group>";
		};
		34C1237B25BF2A2000AAD3AB /* CustomProgressBar */ = {
			isa = PBXGroup;
			children = (
				34C1237C25BF2A2000AAD3AB /* AppDelegate.swift */,
				34C1237E25BF2A2000AAD3AB /* SceneDelegate.swift */,
				34C1238025BF2A2000AAD3AB /* ViewController.swift */,
				34C1239125BF2A2E00AAD3AB /* CustomProgressBar.swift */,
				34C1238225BF2A2000AAD3AB /* Main.storyboard */,
				34C1238525BF2A2200AAD3AB /* Assets.xcassets */,
				34C1238725BF2A2200AAD3AB /* LaunchScreen.storyboard */,
				34C1238A25BF2A2200AAD3AB /* Info.plist */,
			);
			path = CustomProgressBar;
			sourceTree = "<group>";
		};
/* End PBXGroup section */

/* Begin PBXNativeTarget section */
		34C1237825BF2A2000AAD3AB /* CustomProgressBar */ = {
			isa = PBXNativeTarget;
			buildConfigurationList = 34C1238D25BF2A2200AAD3AB /* Build configuration list for PBXNativeTarget "CustomProgressBar" */;
			buildPhases = (
				34C1237525BF2A2000AAD3AB /* Sources */,
				34C1237625BF2A2000AAD3AB /* Frameworks */,
				34C1237725BF2A2000AAD3AB /* Resources */,
			);
			buildRules = (
			);
			dependencies = (
			);
			name = CustomProgressBar;
			productName = CustomProgressBar;
			productReference = 34C1237925BF2A2000AAD3AB /* CustomProgressBar.app */;
			productType = "com.apple.product-type.application";
		};
/* End PBXNativeTarget section */

/* Begin PBXProject section */
		34C1237125BF2A2000AAD3AB /* Project object */ = {
			isa = PBXProject;
			attributes = {
				LastSwiftUpdateCheck = 1220;
				LastUpgradeCheck = 1220;
				TargetAttributes = {
					34C1237825BF2A2000AAD3AB = {
						CreatedOnToolsVersion = 12.2;
					};
				};
			};
			buildConfigurationList = 34C1237425BF2A2000AAD3AB /* Build configuration list for PBXProject "CustomProgressBar" */;
			compatibilityVersion = "Xcode 9.3";
			developmentRegion = en;
			hasScannedForEncodings = 0;
			knownRegions = (
				en,
				Base,
			);
			mainGroup = 34C1237025BF2A2000AAD3AB;
			productRefGroup = 34C1237A25BF2A2000AAD3AB /* Products */;
			projectDirPath = "";
			projectRoot = "";
			targets = (
				34C1237825BF2A2000AAD3AB /* CustomProgressBar */,
			);
		};
/* End PBXProject section */

/* Begin PBXResourcesBuildPhase section */
		34C1237725BF2A2000AAD3AB /* Resources */ = {
			isa = PBXResourcesBuildPhase;
			buildActionMask = 2147483647;
			files = (
				34C1238925BF2A2200AAD3AB /* LaunchScreen.storyboard in Resources */,
				34C1238625BF2A2200AAD3AB /* Assets.xcassets in Resources */,
				34C1238425BF2A2000AAD3AB /* Main.storyboard in Resources */,
			);
			runOnlyForDeploymentPostprocessing = 0;
		};
/* End PBXResourcesBuildPhase section */

/* Begin PBXSourcesBuildPhase section */
		34C1237525BF2A2000AAD3AB /* Sources */ = {
			isa = PBXSourcesBuildPhase;
			buildActionMask = 2147483647;
			files = (
				34C1238125BF2A2000AAD3AB /* ViewController.swift in Sources */,
				34C1237D25BF2A2000AAD3AB /* AppDelegate.swift in Sources */,
				34C1237F25BF2A2000AAD3AB /* SceneDelegate.swift in Sources */,
				34C1239225BF2A2E00AAD3AB /* CustomProgressBar.swift in Sources */,
			);
			runOnlyForDeploymentPostprocessing = 0;
		};
/* End PBXSourcesBuildPhase section */

/* Begin PBXVariantGroup section */
		34C1238225BF2A2000AAD3AB /* Main.storyboard */ = {
			isa = PBXVariantGroup;
			children = (
				34C1238325BF2A2000AAD3AB /* Base */,
			);
			name = Main.storyboard;
			sourceTree = "<group>";
		};
		34C1238725BF2A2200AAD3AB /* LaunchScreen.storyboard */ = {
			isa = PBXVariantGroup;
			children = (
				34C1238825BF2A2200AAD3AB /* Base */,
			);
			name = LaunchScreen.storyboard;
			sourceTree = "<group>";
		};
/* End PBXVariantGroup section */

/* Begin XCBuildConfiguration section */
		34C1238B25BF2A2200AAD3AB /* Debug */ = {
			isa = XCBuildConfiguration;
			buildSettings = {
				ALWAYS_SEARCH_USER_PATHS = NO;
				CLANG_ANALYZER_NONNULL = YES;
				CLANG_ANALYZER_NUMBER_OBJECT_CONVERSION = YES_AGGRESSIVE;
				CLANG_CXX_LANGUAGE_STANDARD = "gnu++14";
				CLANG_CXX_LIBRARY = "libc++";
				CLANG_ENABLE_MODULES = YES;
				CLANG_ENABLE_OBJC_ARC = YES;
				CLANG_ENABLE_OBJC_WEAK = YES;
				CLANG_WARN_BLOCK_CAPTURE_AUTORELEASING = YES;
				CLANG_WARN_BOOL_CONVERSION = YES;
				CLANG_WARN_COMMA = YES;
				CLANG_WARN_CONSTANT_CONVERSION = YES;
				CLANG_WARN_DEPRECATED_OBJC_IMPLEMENTATIONS = YES;
				CLANG_WARN_DIRECT_OBJC_ISA_USAGE = YES_ERROR;
				CLANG_WARN_DOCUMENTATION_COMMENTS = YES;
				CLANG_WARN_EMPTY_BODY = YES;
				CLANG_WARN_ENUM_CONVERSION = YES;
				CLANG_WARN_INFINITE_RECURSION = YES;
				CLANG_WARN_INT_CONVERSION = YES;
				CLANG_WARN_NON_LITERAL_NULL_CONVERSION = YES;
				CLANG_WARN_OBJC_IMPLICIT_RETAIN_SELF = YES;
				CLANG_WARN_OBJC_LITERAL_CONVERSION = YES;
				CLANG_WARN_OBJC_ROOT_CLASS = YES_ERROR;
				CLANG_WARN_QUOTED_INCLUDE_IN_FRAMEWORK_HEADER = YES;
				CLANG_WARN_RANGE_LOOP_ANALYSIS = YES;
				CLANG_WARN_STRICT_PROTOTYPES = YES;
				CLANG_WARN_SUSPICIOUS_MOVE = YES;
				CLANG_WARN_UNGUARDED_AVAILABILITY = YES_AGGRESSIVE;
				CLANG_WARN_UNREACHABLE_CODE = YES;
				CLANG_WARN__DUPLICATE_METHOD_MATCH = YES;
				COPY_PHASE_STRIP = NO;
				DEBUG_INFORMATION_FORMAT = dwarf;
				ENABLE_STRICT_OBJC_MSGSEND = YES;
				ENABLE_TESTABILITY = YES;
				GCC_C_LANGUAGE_STANDARD = gnu11;
				GCC_DYNAMIC_NO_PIC = NO;
				GCC_NO_COMMON_BLOCKS = YES;
				GCC_OPTIMIZATION_LEVEL = 0;
				GCC_PREPROCESSOR_DEFINITIONS = (
					"DEBUG=1",
					"$(inherited)",
				);
				GCC_WARN_64_TO_32_BIT_CONVERSION = YES;
				GCC_WARN_ABOUT_RETURN_TYPE = YES_ERROR;
				GCC_WARN_UNDECLARED_SELECTOR = YES;
				GCC_WARN_UNINITIALIZED_AUTOS = YES_AGGRESSIVE;
				GCC_WARN_UNUSED_FUNCTION = YES;
				GCC_WARN_UNUSED_VARIABLE = YES;
				IPHONEOS_DEPLOYMENT_TARGET = 14.2;
				MTL_ENABLE_DEBUG_INFO = INCLUDE_SOURCE;
				MTL_FAST_MATH = YES;
				ONLY_ACTIVE_ARCH = YES;
				SDKROOT = iphoneos;
				SWIFT_ACTIVE_COMPILATION_CONDITIONS = DEBUG;
				SWIFT_OPTIMIZATION_LEVEL = "-Onone";
			};
			name = Debug;
		};
		34C1238C25BF2A2200AAD3AB /* Release */ = {
			isa = XCBuildConfiguration;
			buildSettings = {
				ALWAYS_SEARCH_USER_PATHS = NO;
				CLANG_ANALYZER_NONNULL = YES;
				CLANG_ANALYZER_NUMBER_OBJECT_CONVERSION = YES_AGGRESSIVE;
				CLANG_CXX_LANGUAGE_STANDARD = "gnu++14";
				CLANG_CXX_LIBRARY = "libc++";
				CLANG_ENABLE_MODULES = YES;
				CLANG_ENABLE_OBJC_ARC = YES;
				CLANG_ENABLE_OBJC_WEAK = YES;
				CLANG_WARN_BLOCK_CAPTURE_AUTORELEASING = YES;
				CLANG_WARN_BOOL_CONVERSION = YES;
				CLANG_WARN_COMMA = YES;
				CLANG_WARN_CONSTANT_CONVERSION = YES;
				CLANG_WARN_DEPRECATED_OBJC_IMPLEMENTATIONS = YES;
				CLANG_WARN_DIRECT_OBJC_ISA_USAGE = YES_ERROR;
				CLANG_WARN_DOCUMENTATION_COMMENTS = YES;
				CLANG_WARN_EMPTY_BODY = YES;
				CLANG_WARN_ENUM_CONVERSION = YES;
				CLANG_WARN_INFINITE_RECURSION = YES;
				CLANG_WARN_INT_CONVERSION = YES;
				CLANG_WARN_NON_LITERAL_NULL_CONVERSION = YES;
				CLANG_WARN_OBJC_IMPLICIT_RETAIN_SELF = YES;
				CLANG_WARN_OBJC_LITERAL_CONVERSION = YES;
				CLANG_WARN_OBJC_ROOT_CLASS = YES_ERROR;
				CLANG_WARN_QUOTED_INCLUDE_IN_FRAMEWORK_HEADER = YES;
				CLANG_WARN_RANGE_LOOP_ANALYSIS = YES;
				CLANG_WARN_STRICT_PROTOTYPES = YES;
				CLANG_WARN_SUSPICIOUS_MOVE = YES;
				CLANG_WARN_UNGUARDED_AVAILABILITY = YES_AGGRESSIVE;
				CLANG_WARN_UNREACHABLE_CODE = YES;
				CLANG_WARN__DUPLICATE_METHOD_MATCH = YES;
				COPY_PHASE_STRIP = NO;
				DEBUG_INFORMATION_FORMAT = "dwarf-with-dsym";
				ENABLE_NS_ASSERTIONS = NO;
				ENABLE_STRICT_OBJC_MSGSEND = YES;
				GCC_C_LANGUAGE_STANDARD = gnu11;
				GCC_NO_COMMON_BLOCKS = YES;
				GCC_WARN_64_TO_32_BIT_CONVERSION = YES;
				GCC_WARN_ABOUT_RETURN_TYPE = YES_ERROR;
				GCC_WARN_UNDECLARED_SELECTOR = YES;
				GCC_WARN_UNINITIALIZED_AUTOS = YES_AGGRESSIVE;
				GCC_WARN_UNUSED_FUNCTION = YES;
				GCC_WARN_UNUSED_VARIABLE = YES;
				IPHONEOS_DEPLOYMENT_TARGET = 14.2;
				MTL_ENABLE_DEBUG_INFO = NO;
				MTL_FAST_MATH = YES;
				SDKROOT = iphoneos;
				SWIFT_COMPILATION_MODE = wholemodule;
				SWIFT_OPTIMIZATION_LEVEL = "-O";
				VALIDATE_PRODUCT = YES;
			};
			name = Release;
		};
		34C1238E25BF2A2200AAD3AB /* Debug */ = {
			isa = XCBuildConfiguration;
			buildSettings = {
				ASSETCATALOG_COMPILER_APPICON_NAME = AppIcon;
				ASSETCATALOG_COMPILER_GLOBAL_ACCENT_COLOR_NAME = AccentColor;
				CODE_SIGN_STYLE = Automatic;
				DEVELOPMENT_TEAM = 9ZB2A7WP7E;
				INFOPLIST_FILE = CustomProgressBar/Info.plist;
				LD_RUNPATH_SEARCH_PATHS = (
					"$(inherited)",
					"@executable_path/Frameworks",
				);
				PRODUCT_BUNDLE_IDENTIFIER = com.MS.CustomProgressBar;
				PRODUCT_NAME = "$(TARGET_NAME)";
				SWIFT_VERSION = 5.0;
				TARGETED_DEVICE_FAMILY = "1,2";
			};
			name = Debug;
		};
		34C1238F25BF2A2200AAD3AB /* Release */ = {
			isa = XCBuildConfiguration;
			buildSettings = {
				ASSETCATALOG_COMPILER_APPICON_NAME = AppIcon;
				ASSETCATALOG_COMPILER_GLOBAL_ACCENT_COLOR_NAME = AccentColor;
				CODE_SIGN_STYLE = Automatic;
				DEVELOPMENT_TEAM = 9ZB2A7WP7E;
				INFOPLIST_FILE = CustomProgressBar/Info.plist;
				LD_RUNPATH_SEARCH_PATHS = (
					"$(inherited)",
					"@executable_path/Frameworks",
				);
				PRODUCT_BUNDLE_IDENTIFIER = com.MS.CustomProgressBar;
				PRODUCT_NAME = "$(TARGET_NAME)";
				SWIFT_VERSION = 5.0;
				TARGETED_DEVICE_FAMILY = "1,2";
			};
			name = Release;
		};
/* End XCBuildConfiguration section */

/* Begin XCConfigurationList section */
		34C1237425BF2A2000AAD3AB /* Build configuration list for PBXProject "CustomProgressBar" */ = {
			isa = XCConfigurationList;
			buildConfigurations = (
				34C1238B25BF2A2200AAD3AB /* Debug */,
				34C1238C25BF2A2200AAD3AB /* Release */,
			);
			defaultConfigurationIsVisible = 0;
			defaultConfigurationName = Release;
		};
		34C1238D25BF2A2200AAD3AB /* Build configuration list for PBXNativeTarget "CustomProgressBar" */ = {
			isa = XCConfigurationList;
			buildConfigurations = (
				34C1238E25BF2A2200AAD3AB /* Debug */,
				34C1238F25BF2A2200AAD3AB /* Release */,
			);
			defaultConfigurationIsVisible = 0;
			defaultConfigurationName = Release;
		};
/* End XCConfigurationList section */
	};
	rootObject = 34C1237125BF2A2000AAD3AB /* Project object */;
}
