// !$*UTF8*$!
{
	archiveVersion = 1;
	classes = {
	};
	objectVersion = 55;
	objects = {

/* Begin PBXBuildFile section */
		34765B5F27372473005FF2BD /* AppDelegate.swift in Sources */ = {isa = PBXBuildFile; fileRef = 34765B5E27372473005FF2BD /* AppDelegate.swift */; };
		34765B6127372473005FF2BD /* SceneDelegate.swift in Sources */ = {isa = PBXBuildFile; fileRef = 34765B6027372473005FF2BD /* SceneDelegate.swift */; };
		34765B6327372473005FF2BD /* ViewController.swift in Sources */ = {isa = PBXBuildFile; fileRef = 34765B6227372473005FF2BD /* ViewController.swift */; };
		34765B6627372473005FF2BD /* Main.storyboard in Resources */ = {isa = PBXBuildFile; fileRef = 34765B6427372473005FF2BD /* Main.storyboard */; };
		34765B6927372473005FF2BD /* CoreDataWebinar.xcdatamodeld in Sources */ = {isa = PBXBuildFile; fileRef = 34765B6727372473005FF2BD /* CoreDataWebinar.xcdatamodeld */; };
		34765B6B27372474005FF2BD /* Assets.xcassets in Resources */ = {isa = PBXBuildFile; fileRef = 34765B6A27372474005FF2BD /* Assets.xcassets */; };
		34765B6E27372474005FF2BD /* LaunchScreen.storyboard in Resources */ = {isa = PBXBuildFile; fileRef = 34765B6C27372474005FF2BD /* LaunchScreen.storyboard */; };
		34765B77273724A6005FF2BD /* Person+CoreDataClass.swift in Sources */ = {isa = PBXBuildFile; fileRef = 34765B75273724A6005FF2BD /* Person+CoreDataClass.swift */; };
		34765B78273724A6005FF2BD /* Person+CoreDataProperties.swift in Sources */ = {isa = PBXBuildFile; fileRef = 34765B76273724A6005FF2BD /* Person+CoreDataProperties.swift */; };
/* End PBXBuildFile section */

/* Begin PBXFileReference section */
		34765B5B27372473005FF2BD /* CoreDataWebinar.app */ = {isa = PBXFileReference; explicitFileType = wrapper.application; includeInIndex = 0; path = CoreDataWebinar.app; sourceTree = BUILT_PRODUCTS_DIR; };
		34765B5E27372473005FF2BD /* AppDelegate.swift */ = {isa = PBXFileReference; lastKnownFileType = sourcecode.swift; path = AppDelegate.swift; sourceTree = "<group>"; };
		34765B6027372473005FF2BD /* SceneDelegate.swift */ = {isa = PBXFileReference; lastKnownFileType = sourcecode.swift; path = SceneDelegate.swift; sourceTree = "<group>"; };
		34765B6227372473005FF2BD /* ViewController.swift */ = {isa = PBXFileReference; lastKnownFileType = sourcecode.swift; path = ViewController.swift; sourceTree = "<group>"; };
		34765B6527372473005FF2BD /* Base */ = {isa = PBXFileReference; lastKnownFileType = file.storyboard; name = Base; path = Base.lproj/Main.storyboard; sourceTree = "<group>"; };
		34765B6827372473005FF2BD /* CoreDataWebinar.xcdatamodel */ = {isa = PBXFileReference; lastKnownFileType = wrapper.xcdatamodel; path = CoreDataWebinar.xcdatamodel; sourceTree = "<group>"; };
		34765B6A27372474005FF2BD /* Assets.xcassets */ = {isa = PBXFileReference; lastKnownFileType = folder.assetcatalog; path = Assets.xcassets; sourceTree = "<group>"; };
		34765B6D27372474005FF2BD /* Base */ = {isa = PBXFileReference; lastKnownFileType = file.storyboard; name = Base; path = Base.lproj/LaunchScreen.storyboard; sourceTree = "<group>"; };
		34765B6F27372474005FF2BD /* Info.plist */ = {isa = PBXFileReference; lastKnownFileType = text.plist.xml; path = Info.plist; sourceTree = "<group>"; };
		34765B75273724A6005FF2BD /* Person+CoreDataClass.swift */ = {isa = PBXFileReference; lastKnownFileType = sourcecode.swift; path = "Person+CoreDataClass.swift"; sourceTree = "<group>"; };
		34765B76273724A6005FF2BD /* Person+CoreDataProperties.swift */ = {isa = PBXFileReference; lastKnownFileType = sourcecode.swift; path = "Person+CoreDataProperties.swift"; sourceTree = "<group>"; };
/* End PBXFileReference section */

/* Begin PBXFrameworksBuildPhase section */
		34765B5827372473005FF2BD /* Frameworks */ = {
			isa = PBXFrameworksBuildPhase;
			buildActionMask = 2147483647;
			files = (
			);
			runOnlyForDeploymentPostprocessing = 0;
		};
/* End PBXFrameworksBuildPhase section */

/* Begin PBXGroup section */
		34765B5227372473005FF2BD = {
			isa = PBXGroup;
			children = (
				34765B5D27372473005FF2BD /* CoreDataWebinar */,
				34765B5C27372473005FF2BD /* Products */,
			);
			sourceTree = "<group>";
		};
		34765B5C27372473005FF2BD /* Products */ = {
			isa = PBXGroup;
			children = (
				34765B5B27372473005FF2BD /* CoreDataWebinar.app */,
			);
			name = Products;
			sourceTree = "<group>";
		};
		34765B5D27372473005FF2BD /* CoreDataWebinar */ = {
			isa = PBXGroup;
			children = (
				34765B79273724B3005FF2BD /* Model */,
				34765B5E27372473005FF2BD /* AppDelegate.swift */,
				34765B6027372473005FF2BD /* SceneDelegate.swift */,
				34765B6227372473005FF2BD /* ViewController.swift */,
				34765B6427372473005FF2BD /* Main.storyboard */,
				34765B6A27372474005FF2BD /* Assets.xcassets */,
				34765B6C27372474005FF2BD /* LaunchScreen.storyboard */,
				34765B6F27372474005FF2BD /* Info.plist */,
				34765B6727372473005FF2BD /* CoreDataWebinar.xcdatamodeld */,
			);
			path = CoreDataWebinar;
			sourceTree = "<group>";
		};
		34765B79273724B3005FF2BD /* Model */ = {
			isa = PBXGroup;
			children = (
				34765B75273724A6005FF2BD /* Person+CoreDataClass.swift */,
				34765B76273724A6005FF2BD /* Person+CoreDataProperties.swift */,
			);
			path = Model;
			sourceTree = "<group>";
		};
/* End PBXGroup section */

/* Begin PBXNativeTarget section */
		34765B5A27372473005FF2BD /* CoreDataWebinar */ = {
			isa = PBXNativeTarget;
			buildConfigurationList = 34765B7227372474005FF2BD /* Build configuration list for PBXNativeTarget "CoreDataWebinar" */;
			buildPhases = (
				34765B5727372473005FF2BD /* Sources */,
				34765B5827372473005FF2BD /* Frameworks */,
				34765B5927372473005FF2BD /* Resources */,
			);
			buildRules = (
			);
			dependencies = (
			);
			name = CoreDataWebinar;
			productName = CoreDataWebinar;
			productReference = 34765B5B27372473005FF2BD /* CoreDataWebinar.app */;
			productType = "com.apple.product-type.application";
		};
/* End PBXNativeTarget section */

/* Begin PBXProject section */
		34765B5327372473005FF2BD /* Project object */ = {
			isa = PBXProject;
			attributes = {
				BuildIndependentTargetsInParallel = 1;
				LastSwiftUpdateCheck = 1310;
				LastUpgradeCheck = 1310;
				TargetAttributes = {
					34765B5A27372473005FF2BD = {
						CreatedOnToolsVersion = 13.1;
					};
				};
			};
			buildConfigurationList = 34765B5627372473005FF2BD /* Build configuration list for PBXProject "CoreDataWebinar" */;
			compatibilityVersion = "Xcode 13.0";
			developmentRegion = en;
			hasScannedForEncodings = 0;
			knownRegions = (
				en,
				Base,
			);
			mainGroup = 34765B5227372473005FF2BD;
			productRefGroup = 34765B5C27372473005FF2BD /* Products */;
			projectDirPath = "";
			projectRoot = "";
			targets = (
				34765B5A27372473005FF2BD /* CoreDataWebinar */,
			);
		};
/* End PBXProject section */

/* Begin PBXResourcesBuildPhase section */
		34765B5927372473005FF2BD /* Resources */ = {
			isa = PBXResourcesBuildPhase;
			buildActionMask = 2147483647;
			files = (
				34765B6E27372474005FF2BD /* LaunchScreen.storyboard in Resources */,
				34765B6B27372474005FF2BD /* Assets.xcassets in Resources */,
				34765B6627372473005FF2BD /* Main.storyboard in Resources */,
			);
			runOnlyForDeploymentPostprocessing = 0;
		};
/* End PBXResourcesBuildPhase section */

/* Begin PBXSourcesBuildPhase section */
		34765B5727372473005FF2BD /* Sources */ = {
			isa = PBXSourcesBuildPhase;
			buildActionMask = 2147483647;
			files = (
				34765B6327372473005FF2BD /* ViewController.swift in Sources */,
				34765B5F27372473005FF2BD /* AppDelegate.swift in Sources */,
				34765B78273724A6005FF2BD /* Person+CoreDataProperties.swift in Sources */,
				34765B77273724A6005FF2BD /* Person+CoreDataClass.swift in Sources */,
				34765B6127372473005FF2BD /* SceneDelegate.swift in Sources */,
				34765B6927372473005FF2BD /* CoreDataWebinar.xcdatamodeld in Sources */,
			);
			runOnlyForDeploymentPostprocessing = 0;
		};
/* End PBXSourcesBuildPhase section */

/* Begin PBXVariantGroup section */
		34765B6427372473005FF2BD /* Main.storyboard */ = {
			isa = PBXVariantGroup;
			children = (
				34765B6527372473005FF2BD /* Base */,
			);
			name = Main.storyboard;
			sourceTree = "<group>";
		};
		34765B6C27372474005FF2BD /* LaunchScreen.storyboard */ = {
			isa = PBXVariantGroup;
			children = (
				34765B6D27372474005FF2BD /* Base */,
			);
			name = LaunchScreen.storyboard;
			sourceTree = "<group>";
		};
/* End PBXVariantGroup section */

/* Begin XCBuildConfiguration section */
		34765B7027372474005FF2BD /* Debug */ = {
			isa = XCBuildConfiguration;
			buildSettings = {
				ALWAYS_SEARCH_USER_PATHS = NO;
				CLANG_ANALYZER_NONNULL = YES;
				CLANG_ANALYZER_NUMBER_OBJECT_CONVERSION = YES_AGGRESSIVE;
				CLANG_CXX_LANGUAGE_STANDARD = "gnu++17";
				CLANG_CXX_LIBRARY = "libc++";
				CLANG_ENABLE_MODULES = YES;
				CLANG_ENABLE_OBJC_ARC = YES;
				CLANG_ENABLE_OBJC_WEAK = YES;
				CLANG_WARN_BLOCK_CAPTURE_AUTORELEASING = YES;
				CLANG_WARN_BOOL_CONVERSION = YES;
				CLANG_WARN_COMMA = YES;
				CLANG_WARN_CONSTANT_CONVERSION = YES;
				CLANG_WARN_DEPRECATED_OBJC_IMPLEMENTATIONS = YES;
				CLANG_WARN_DIRECT_OBJC_ISA_USAGE = YES_ERROR;
				CLANG_WARN_DOCUMENTATION_COMMENTS = YES;
				CLANG_WARN_EMPTY_BODY = YES;
				CLANG_WARN_ENUM_CONVERSION = YES;
				CLANG_WARN_INFINITE_RECURSION = YES;
				CLANG_WARN_INT_CONVERSION = YES;
				CLANG_WARN_NON_LITERAL_NULL_CONVERSION = YES;
				CLANG_WARN_OBJC_IMPLICIT_RETAIN_SELF = YES;
				CLANG_WARN_OBJC_LITERAL_CONVERSION = YES;
				CLANG_WARN_OBJC_ROOT_CLASS = YES_ERROR;
				CLANG_WARN_QUOTED_INCLUDE_IN_FRAMEWORK_HEADER = YES;
				CLANG_WARN_RANGE_LOOP_ANALYSIS = YES;
				CLANG_WARN_STRICT_PROTOTYPES = YES;
				CLANG_WARN_SUSPICIOUS_MOVE = YES;
				CLANG_WARN_UNGUARDED_AVAILABILITY = YES_AGGRESSIVE;
				CLANG_WARN_UNREACHABLE_CODE = YES;
				CLANG_WARN__DUPLICATE_METHOD_MATCH = YES;
				COPY_PHASE_STRIP = NO;
				DEBUG_INFORMATION_FORMAT = dwarf;
				ENABLE_STRICT_OBJC_MSGSEND = YES;
				ENABLE_TESTABILITY = YES;
				GCC_C_LANGUAGE_STANDARD = gnu11;
				GCC_DYNAMIC_NO_PIC = NO;
				GCC_NO_COMMON_BLOCKS = YES;
				GCC_OPTIMIZATION_LEVEL = 0;
				GCC_PREPROCESSOR_DEFINITIONS = (
					"DEBUG=1",
					"$(inherited)",
				);
				GCC_WARN_64_TO_32_BIT_CONVERSION = YES;
				GCC_WARN_ABOUT_RETURN_TYPE = YES_ERROR;
				GCC_WARN_UNDECLARED_SELECTOR = YES;
				GCC_WARN_UNINITIALIZED_AUTOS = YES_AGGRESSIVE;
				GCC_WARN_UNUSED_FUNCTION = YES;
				GCC_WARN_UNUSED_VARIABLE = YES;
				IPHONEOS_DEPLOYMENT_TARGET = 15.0;
				MTL_ENABLE_DEBUG_INFO = INCLUDE_SOURCE;
				MTL_FAST_MATH = YES;
				ONLY_ACTIVE_ARCH = YES;
				SDKROOT = iphoneos;
				SWIFT_ACTIVE_COMPILATION_CONDITIONS = DEBUG;
				SWIFT_OPTIMIZATION_LEVEL = "-Onone";
			};
			name = Debug;
		};
		34765B7127372474005FF2BD /* Release */ = {
			isa = XCBuildConfiguration;
			buildSettings = {
				ALWAYS_SEARCH_USER_PATHS = NO;
				CLANG_ANALYZER_NONNULL = YES;
				CLANG_ANALYZER_NUMBER_OBJECT_CONVERSION = YES_AGGRESSIVE;
				CLANG_CXX_LANGUAGE_STANDARD = "gnu++17";
				CLANG_CXX_LIBRARY = "libc++";
				CLANG_ENABLE_MODULES = YES;
				CLANG_ENABLE_OBJC_ARC = YES;
				CLANG_ENABLE_OBJC_WEAK = YES;
				CLANG_WARN_BLOCK_CAPTURE_AUTORELEASING = YES;
				CLANG_WARN_BOOL_CONVERSION = YES;
				CLANG_WARN_COMMA = YES;
				CLANG_WARN_CONSTANT_CONVERSION = YES;
				CLANG_WARN_DEPRECATED_OBJC_IMPLEMENTATIONS = YES;
				CLANG_WARN_DIRECT_OBJC_ISA_USAGE = YES_ERROR;
				CLANG_WARN_DOCUMENTATION_COMMENTS = YES;
				CLANG_WARN_EMPTY_BODY = YES;
				CLANG_WARN_ENUM_CONVERSION = YES;
				CLANG_WARN_INFINITE_RECURSION = YES;
				CLANG_WARN_INT_CONVERSION = YES;
				CLANG_WARN_NON_LITERAL_NULL_CONVERSION = YES;
				CLANG_WARN_OBJC_IMPLICIT_RETAIN_SELF = YES;
				CLANG_WARN_OBJC_LITERAL_CONVERSION = YES;
				CLANG_WARN_OBJC_ROOT_CLASS = YES_ERROR;
				CLANG_WARN_QUOTED_INCLUDE_IN_FRAMEWORK_HEADER = YES;
				CLANG_WARN_RANGE_LOOP_ANALYSIS = YES;
				CLANG_WARN_STRICT_PROTOTYPES = YES;
				CLANG_WARN_SUSPICIOUS_MOVE = YES;
				CLANG_WARN_UNGUARDED_AVAILABILITY = YES_AGGRESSIVE;
				CLANG_WARN_UNREACHABLE_CODE = YES;
				CLANG_WARN__DUPLICATE_METHOD_MATCH = YES;
				COPY_PHASE_STRIP = NO;
				DEBUG_INFORMATION_FORMAT = "dwarf-with-dsym";
				ENABLE_NS_ASSERTIONS = NO;
				ENABLE_STRICT_OBJC_MSGSEND = YES;
				GCC_C_LANGUAGE_STANDARD = gnu11;
				GCC_NO_COMMON_BLOCKS = YES;
				GCC_WARN_64_TO_32_BIT_CONVERSION = YES;
				GCC_WARN_ABOUT_RETURN_TYPE = YES_ERROR;
				GCC_WARN_UNDECLARED_SELECTOR = YES;
				GCC_WARN_UNINITIALIZED_AUTOS = YES_AGGRESSIVE;
				GCC_WARN_UNUSED_FUNCTION = YES;
				GCC_WARN_UNUSED_VARIABLE = YES;
				IPHONEOS_DEPLOYMENT_TARGET = 15.0;
				MTL_ENABLE_DEBUG_INFO = NO;
				MTL_FAST_MATH = YES;
				SDKROOT = iphoneos;
				SWIFT_COMPILATION_MODE = wholemodule;
				SWIFT_OPTIMIZATION_LEVEL = "-O";
				VALIDATE_PRODUCT = YES;
			};
			name = Release;
		};
		34765B7327372474005FF2BD /* Debug */ = {
			isa = XCBuildConfiguration;
			buildSettings = {
				ASSETCATALOG_COMPILER_APPICON_NAME = AppIcon;
				ASSETCATALOG_COMPILER_GLOBAL_ACCENT_COLOR_NAME = AccentColor;
				CODE_SIGN_STYLE = Automatic;
				CURRENT_PROJECT_VERSION = 1;
				DEVELOPMENT_TEAM = 9ZB2A7WP7E;
				GENERATE_INFOPLIST_FILE = YES;
				INFOPLIST_FILE = CoreDataWebinar/Info.plist;
				INFOPLIST_KEY_UIApplicationSupportsIndirectInputEvents = YES;
				INFOPLIST_KEY_UILaunchStoryboardName = LaunchScreen;
				INFOPLIST_KEY_UIMainStoryboardFile = Main;
				INFOPLIST_KEY_UISupportedInterfaceOrientations_iPad = "UIInterfaceOrientationPortrait UIInterfaceOrientationPortraitUpsideDown UIInterfaceOrientationLandscapeLeft UIInterfaceOrientationLandscapeRight";
				INFOPLIST_KEY_UISupportedInterfaceOrientations_iPhone = "UIInterfaceOrientationPortrait UIInterfaceOrientationLandscapeLeft UIInterfaceOrientationLandscapeRight";
				LD_RUNPATH_SEARCH_PATHS = (
					"$(inherited)",
					"@executable_path/Frameworks",
				);
				MARKETING_VERSION = 1.0;
				PRODUCT_BUNDLE_IDENTIFIER = com.MS.CoreDataWebinar;
				PRODUCT_NAME = "$(TARGET_NAME)";
				SWIFT_EMIT_LOC_STRINGS = YES;
				SWIFT_VERSION = 5.0;
				TARGETED_DEVICE_FAMILY = "1,2";
			};
			name = Debug;
		};
		34765B7427372474005FF2BD /* Release */ = {
			isa = XCBuildConfiguration;
			buildSettings = {
				ASSETCATALOG_COMPILER_APPICON_NAME = AppIcon;
				ASSETCATALOG_COMPILER_GLOBAL_ACCENT_COLOR_NAME = AccentColor;
				CODE_SIGN_STYLE = Automatic;
				CURRENT_PROJECT_VERSION = 1;
				DEVELOPMENT_TEAM = 9ZB2A7WP7E;
				GENERATE_INFOPLIST_FILE = YES;
				INFOPLIST_FILE = CoreDataWebinar/Info.plist;
				INFOPLIST_KEY_UIApplicationSupportsIndirectInputEvents = YES;
				INFOPLIST_KEY_UILaunchStoryboardName = LaunchScreen;
				INFOPLIST_KEY_UIMainStoryboardFile = Main;
				INFOPLIST_KEY_UISupportedInterfaceOrientations_iPad = "UIInterfaceOrientationPortrait UIInterfaceOrientationPortraitUpsideDown UIInterfaceOrientationLandscapeLeft UIInterfaceOrientationLandscapeRight";
				INFOPLIST_KEY_UISupportedInterfaceOrientations_iPhone = "UIInterfaceOrientationPortrait UIInterfaceOrientationLandscapeLeft UIInterfaceOrientationLandscapeRight";
				LD_RUNPATH_SEARCH_PATHS = (
					"$(inherited)",
					"@executable_path/Frameworks",
				);
				MARKETING_VERSION = 1.0;
				PRODUCT_BUNDLE_IDENTIFIER = com.MS.CoreDataWebinar;
				PRODUCT_NAME = "$(TARGET_NAME)";
				SWIFT_EMIT_LOC_STRINGS = YES;
				SWIFT_VERSION = 5.0;
				TARGETED_DEVICE_FAMILY = "1,2";
			};
			name = Release;
		};
/* End XCBuildConfiguration section */

/* Begin XCConfigurationList section */
		34765B5627372473005FF2BD /* Build configuration list for PBXProject "CoreDataWebinar" */ = {
			isa = XCConfigurationList;
			buildConfigurations = (
				34765B7027372474005FF2BD /* Debug */,
				34765B7127372474005FF2BD /* Release */,
			);
			defaultConfigurationIsVisible = 0;
			defaultConfigurationName = Release;
		};
		34765B7227372474005FF2BD /* Build configuration list for PBXNativeTarget "CoreDataWebinar" */ = {
			isa = XCConfigurationList;
			buildConfigurations = (
				34765B7327372474005FF2BD /* Debug */,
				34765B7427372474005FF2BD /* Release */,
			);
			defaultConfigurationIsVisible = 0;
			defaultConfigurationName = Release;
		};
/* End XCConfigurationList section */

/* Begin XCVersionGroup section */
		34765B6727372473005FF2BD /* CoreDataWebinar.xcdatamodeld */ = {
			isa = XCVersionGroup;
			children = (
				34765B6827372473005FF2BD /* CoreDataWebinar.xcdatamodel */,
			);
			currentVersion = 34765B6827372473005FF2BD /* CoreDataWebinar.xcdatamodel */;
			path = CoreDataWebinar.xcdatamodeld;
			sourceTree = "<group>";
			versionGroupType = wrapper.xcdatamodel;
		};
/* End XCVersionGroup section */
	};
	rootObject = 34765B5327372473005FF2BD /* Project object */;
}
